
Microsoft Visual Studio Solution File, Format Version 12.00
# Visual Studio Version 17
VisualStudioVersion = 17.14.36429.23 d17.14
MinimumVisualStudioVersion = 10.0.40219.1
Project("{FAE04EC0-301F-11D3-BF4B-00C04F79EFBC}") = "Xadrez", "Xadrez\Xadrez.csproj", "{000C9A4E-7FCB-4197-B4CA-6F99EAD41508}"
EndProject
Global
	GlobalSection(SolutionConfigurationPlatforms) = preSolution
		Debug|Any CPU = Debug|Any CPU
		Release|Any CPU = Release|Any CPU
	EndGlobalSection
	GlobalSection(ProjectConfigurationPlatforms) = postSolution
		{000C9A4E-7FCB-4197-B4CA-6F99EAD41508}.Debug|Any CPU.ActiveCfg = Debug|Any CPU
		{000C9A4E-7FCB-4197-B4CA-6F99EAD41508}.Debug|Any CPU.Build.0 = Debug|Any CPU
		{000C9A4E-7FCB-4197-B4CA-6F99EAD41508}.Release|Any CPU.ActiveCfg = Release|Any CPU
		{000C9A4E-7FCB-4197-B4CA-6F99EAD41508}.Release|Any CPU.Build.0 = Release|Any CPU
	EndGlobalSection
	GlobalSection(SolutionProperties) = preSolution
		HideSolutionNode = FALSE
	EndGlobalSection
	GlobalSection(ExtensibilityGlobals) = postSolution
		SolutionGuid = {E0F987B2-774E-4E6F-9E9B-4EF418F8A0EA}
	EndGlobalSection
EndGlobal
